{
  "name": "pit-display-node",
  "lockfileVersion": 3,
  "requires": true,
  "packages": {
    "": {
      "dependencies": {
        "ntcore-ts-client": "^0.2.2",
        "tslib": "^2.6.2"
      }
    },
    "node_modules/ntcore-ts-client": {
      "version": "0.2.2",
      "resolved": "https://registry.npmjs.org/ntcore-ts-client/-/ntcore-ts-client-0.2.2.tgz",
      "integrity": "sha512-UnzOdMk+oV5ZCWcJpLBvZlac5eqnxTD5GQ6zbcLh46z8CQMEOS9jN3H5B0Nm/yWhQPPFgq5oFA2nFK/e1gnvXw=="
    },
    "node_modules/tslib": {
      "version": "2.6.2",
      "resolved": "https://registry.npmjs.org/tslib/-/tslib-2.6.2.tgz",
      "integrity": "sha512-AEYxH93jGFPn/a2iVAwW87VuUIkR1FVUKB77NwMF7nBTDkDrrT/Hpt/IrCJ0QXhW27jTBDcf5ZY7w6RiqTMw2Q=="
    }
  }
}
